
Microsoft Visual Studio Solution File, Format Version 12.00
# Visual Studio Version 17
VisualStudioVersion = 17.2.32519.379
MinimumVisualStudioVersion = 10.0.40219.1
Project("{FAE04EC0-301F-11D3-BF4B-00C04F79EFBC}") = "reverseStringAlgorithm", "reverseStringAlgorithm\reverseStringAlgorithm.csproj", "{4D63F5EB-B97A-4CD8-AB4A-77B44EE4619C}"
EndProject
Global
	GlobalSection(SolutionConfigurationPlatforms) = preSolution
		Debug|Any CPU = Debug|Any CPU
		Release|Any CPU = Release|Any CPU
	EndGlobalSection
	GlobalSection(ProjectConfigurationPlatforms) = postSolution
		{4D63F5EB-B97A-4CD8-AB4A-77B44EE4619C}.Debug|Any CPU.ActiveCfg = Debug|Any CPU
		{4D63F5EB-B97A-4CD8-AB4A-77B44EE4619C}.Debug|Any CPU.Build.0 = Debug|Any CPU
		{4D63F5EB-B97A-4CD8-AB4A-77B44EE4619C}.Release|Any CPU.ActiveCfg = Release|Any CPU
		{4D63F5EB-B97A-4CD8-AB4A-77B44EE4619C}.Release|Any CPU.Build.0 = Release|Any CPU
	EndGlobalSection
	GlobalSection(SolutionProperties) = preSolution
		HideSolutionNode = FALSE
	EndGlobalSection
	GlobalSection(ExtensibilityGlobals) = postSolution
		SolutionGuid = {6FFA127E-6BE5-46AB-BE0D-D7BFEF787CB2}
	EndGlobalSection
EndGlobal
